
Microsoft Visual Studio Solution File, Format Version 10.00
# Visual Studio 2008
Project("{8BC9CEB8-8B4A-11D0-8D11-00A0C91BC942}") = "DoubleK", "DoubleK\DoubleK.vcproj", "{A3CC118C-AC3B-40E0-984E-017996F84DCD}"
EndProject
Global
	GlobalSection(SolutionConfigurationPlatforms) = preSolution
		Debug|Win32 = Debug|Win32
		Release|Win32 = Release|Win32
	EndGlobalSection
	GlobalSection(ProjectConfigurationPlatforms) = postSolution
		{A3CC118C-AC3B-40E0-984E-017996F84DCD}.Debug|Win32.ActiveCfg = Release|Win32
		{A3CC118C-AC3B-40E0-984E-017996F84DCD}.Debug|Win32.Build.0 = Release|Win32
		{A3CC118C-AC3B-40E0-984E-017996F84DCD}.Release|Win32.ActiveCfg = Release|Win32
		{A3CC118C-AC3B-40E0-984E-017996F84DCD}.Release|Win32.Build.0 = Release|Win32
	EndGlobalSection
	GlobalSection(SolutionProperties) = preSolution
		HideSolutionNode = FALSE
	EndGlobalSection
EndGlobal
